
Microsoft Visual Studio Solution File, Format Version 12.00
# Visual Studio 14
VisualStudioVersion = 14.0.25420.1
MinimumVisualStudioVersion = 10.0.40219.1
Project("{FAE04EC0-301F-11D3-BF4B-00C04F79EFBC}") = "PiTest", "PiTest\PiTest.csproj", "{9F726AC7-FFBE-49C6-ABAA-5C3CE3962532}"
EndProject
Project("{FAE04EC0-301F-11D3-BF4B-00C04F79EFBC}") = "IctBaden.RevolutionPi", "IctBaden.RevolutionPi\IctBaden.RevolutionPi.csproj", "{04C50115-FBD7-4456-8C24-493C2B3DF8AB}"
EndProject
Project("{FAE04EC0-301F-11D3-BF4B-00C04F79EFBC}") = "IctBaden.RevolutionPi.Test", "IctBaden.RevolutionPi.Test\IctBaden.RevolutionPi.Test.csproj", "{E543B284-84E9-47E1-9102-9E1C81912A43}"
EndProject
Project("{2150E333-8FDC-42A3-9474-1A3956D46DE8}") = "Solution Items", "Solution Items", "{349D0ABA-5D03-4B70-B064-6D2EFEEE3B31}"
	ProjectSection(SolutionItems) = preProject
		..\stonehenge2\ReleaseNotes.md = ..\stonehenge2\ReleaseNotes.md
	EndProjectSection
EndProject
Global
	GlobalSection(SolutionConfigurationPlatforms) = preSolution
		Debug|Any CPU = Debug|Any CPU
		Release|Any CPU = Release|Any CPU
	EndGlobalSection
	GlobalSection(ProjectConfigurationPlatforms) = postSolution
		{9F726AC7-FFBE-49C6-ABAA-5C3CE3962532}.Debug|Any CPU.ActiveCfg = Debug|Any CPU
		{9F726AC7-FFBE-49C6-ABAA-5C3CE3962532}.Debug|Any CPU.Build.0 = Debug|Any CPU
		{9F726AC7-FFBE-49C6-ABAA-5C3CE3962532}.Release|Any CPU.ActiveCfg = Release|Any CPU
		{9F726AC7-FFBE-49C6-ABAA-5C3CE3962532}.Release|Any CPU.Build.0 = Release|Any CPU
		{04C50115-FBD7-4456-8C24-493C2B3DF8AB}.Debug|Any CPU.ActiveCfg = Debug|Any CPU
		{04C50115-FBD7-4456-8C24-493C2B3DF8AB}.Debug|Any CPU.Build.0 = Debug|Any CPU
		{04C50115-FBD7-4456-8C24-493C2B3DF8AB}.Release|Any CPU.ActiveCfg = Release|Any CPU
		{04C50115-FBD7-4456-8C24-493C2B3DF8AB}.Release|Any CPU.Build.0 = Release|Any CPU
		{E543B284-84E9-47E1-9102-9E1C81912A43}.Debug|Any CPU.ActiveCfg = Debug|Any CPU
		{E543B284-84E9-47E1-9102-9E1C81912A43}.Debug|Any CPU.Build.0 = Debug|Any CPU
		{E543B284-84E9-47E1-9102-9E1C81912A43}.Release|Any CPU.ActiveCfg = Release|Any CPU
		{E543B284-84E9-47E1-9102-9E1C81912A43}.Release|Any CPU.Build.0 = Release|Any CPU
	EndGlobalSection
	GlobalSection(SolutionProperties) = preSolution
		HideSolutionNode = FALSE
	EndGlobalSection
EndGlobal
